
Microsoft Visual Studio Solution File, Format Version 12.00
# Visual Studio Version 17
VisualStudioVersion = 17.4.33122.133
MinimumVisualStudioVersion = 10.0.40219.1
Project("{FAE04EC0-301F-11D3-BF4B-00C04F79EFBC}") = "MQTT_Chat", "MQTT_Chat\MQTT_Chat.csproj", "{BB419A52-ADC1-4BA8-AD17-6348BC2B88B2}"
EndProject
Global
	GlobalSection(SolutionConfigurationPlatforms) = preSolution
		Debug|Any CPU = Debug|Any CPU
		Release|Any CPU = Release|Any CPU
	EndGlobalSection
	GlobalSection(ProjectConfigurationPlatforms) = postSolution
		{BB419A52-ADC1-4BA8-AD17-6348BC2B88B2}.Debug|Any CPU.ActiveCfg = Debug|Any CPU
		{BB419A52-ADC1-4BA8-AD17-6348BC2B88B2}.Debug|Any CPU.Build.0 = Debug|Any CPU
		{BB419A52-ADC1-4BA8-AD17-6348BC2B88B2}.Release|Any CPU.ActiveCfg = Release|Any CPU
		{BB419A52-ADC1-4BA8-AD17-6348BC2B88B2}.Release|Any CPU.Build.0 = Release|Any CPU
	EndGlobalSection
	GlobalSection(SolutionProperties) = preSolution
		HideSolutionNode = FALSE
	EndGlobalSection
	GlobalSection(ExtensibilityGlobals) = postSolution
		SolutionGuid = {AAC98243-094F-4DA3-A637-E8FAAE90FDCE}
	EndGlobalSection
EndGlobal
